<?xml version="1.0" encoding="utf-8"?>
<Project ToolsVersion="4.0" xmlns="http://schemas.microsoft.com/developer/msbuild/2003">
  <ItemGroup>
    <Filter Include="Source Files">
      <UniqueIdentifier>{4FC737F1-C7A5-4376-A066-2A32D752A2FF}</UniqueIdentifier>
      <Extensions>cpp;c;cc;cxx;c++;cppm;ixx;def;odl;idl;hpj;bat;asm;asmx</Extensions>
    </Filter>
    <Filter Include="Header Files">
      <UniqueIdentifier>{93995380-89BD-4b04-88EB-625FBE52EBFB}</UniqueIdentifier>
      <Extensions>h;hh;hpp;hxx;h++;hm;inl;inc;ipp;xsd</Extensions>
    </Filter>
    <Filter Include="Resource Files">
      <UniqueIdentifier>{67DA6AB6-F800-4c08-8B7A-83BB121AAD01}</UniqueIdentifier>
      <Extensions>rc;ico;cur;bmp;dlg;rc2;rct;bin;rgs;gif;jpg;jpeg;jpe;resx;tiff;tif;png;wav;mfcribbon-ms</Extensions>
    </Filter>
    <Filter Include="Source Files\entity">
      <UniqueIdentifier>{0b7b3075-acd9-4ee9-a64c-55940c2e1e84}</UniqueIdentifier>
    </Filter>
    <Filter Include="Source Files\managers">
      <UniqueIdentifier>{98294d27-1d29-408d-bb4c-086388c5fb8c}</UniqueIdentifier>
    </Filter>
    <Filter Include="Source Files\states">
      <UniqueIdentifier>{ab624552-564b-48e8-9561-647faf97b7a0}</UniqueIdentifier>
    </Filter>
    <Filter Include="Source Files\utils">
      <UniqueIdentifier>{9bc00533-b780-4794-b066-894f246208e2}</UniqueIdentifier>
    </Filter>
  </ItemGroup>
  <ItemGroup>
    <ClCompile Include="Bullet.cpp">
      <Filter>Source Files\entity</Filter>
    </ClCompile>
    <ClCompile Include="Enemy.cpp">
      <Filter>Source Files\entity</Filter>
    </ClCompile>
    <ClCompile Include="Player.cpp">
      <Filter>Source Files\entity</Filter>
    </ClCompile>
    <ClCompile Include="UI.cpp">
      <Filter>Source Files\entity</Filter>
    </ClCompile>
    <ClCompile Include="FontManager.cpp">
      <Filter>Source Files\managers</Filter>
    </ClCompile>
    <ClCompile Include="SoundManager.cpp">
      <Filter>Source Files\managers</Filter>
    </ClCompile>
    <ClCompile Include="TextureManager.cpp">
      <Filter>Source Files\managers</Filter>
    </ClCompile>
    <ClCompile Include="GameOvercpp.cpp">
      <Filter>Source Files\states</Filter>
    </ClCompile>
    <ClCompile Include="GameState.cpp">
      <Filter>Source Files\states</Filter>
    </ClCompile>
    <ClCompile Include="Menu.cpp">
      <Filter>Source Files\states</Filter>
    </ClCompile>
    <ClCompile Include="Playing.cpp">
      <Filter>Source Files\states</Filter>
    </ClCompile>
    <ClCompile Include="Splash.cpp">
      <Filter>Source Files\states</Filter>
    </ClCompile>
    <ClCompile Include="Application.cpp">
      <Filter>Source Files</Filter>
    </ClCompile>
    <ClCompile Include="Display.cpp">
      <Filter>Source Files</Filter>
    </ClCompile>
    <ClCompile Include="main.cpp">
      <Filter>Source Files</Filter>
    </ClCompile>
    <ClCompile Include="Animation.cpp">
      <Filter>Source Files\utils</Filter>
    </ClCompile>
  </ItemGroup>
  <ItemGroup>
    <ClInclude Include="Bullet.h">
      <Filter>Source Files\entity</Filter>
    </ClInclude>
    <ClInclude Include="Enemy.h">
      <Filter>Source Files\entity</Filter>
    </ClInclude>
    <ClInclude Include="Player.h">
      <Filter>Source Files\entity</Filter>
    </ClInclude>
    <ClInclude Include="UI.h">
      <Filter>Source Files\entity</Filter>
    </ClInclude>
    <ClInclude Include="FontManager.h">
      <Filter>Source Files\managers</Filter>
    </ClInclude>
    <ClInclude Include="ResourceManager.h">
      <Filter>Source Files\managers</Filter>
    </ClInclude>
    <ClInclude Include="SoundManager.h">
      <Filter>Source Files\managers</Filter>
    </ClInclude>
    <ClInclude Include="TextureManager.h">
      <Filter>Source Files\managers</Filter>
    </ClInclude>
    <ClInclude Include="GameOver.h">
      <Filter>Source Files\states</Filter>
    </ClInclude>
    <ClInclude Include="GameState.h">
      <Filter>Source Files\states</Filter>
    </ClInclude>
    <ClInclude Include="Menu.h">
      <Filter>Source Files\states</Filter>
    </ClInclude>
    <ClInclude Include="Playing.h">
      <Filter>Source Files\states</Filter>
    </ClInclude>
    <ClInclude Include="Splash.h">
      <Filter>Source Files\states</Filter>
    </ClInclude>
    <ClInclude Include="Application.h">
      <Filter>Source Files</Filter>
    </ClInclude>
    <ClInclude Include="Display.h">
      <Filter>Source Files</Filter>
    </ClInclude>
    <ClInclude Include="Resources.h">
      <Filter>Source Files</Filter>
    </ClInclude>
    <ClInclude Include="Shared.h">
      <Filter>Source Files</Filter>
    </ClInclude>
    <ClInclude Include="Random.h">
      <Filter>Source Files\utils</Filter>
    </ClInclude>
    <ClInclude Include="Animation.h">
      <Filter>Source Files\utils</Filter>
    </ClInclude>
  </ItemGroup>
</Project>